// !$*UTF8*$!
{
	archiveVersion = 1;
	classes = {};
	objectVersion = 56;
	objects = {

/* Begin PBXBuildFile section */
		AA000001 /* main.swift in Sources */ = {isa = PBXBuildFile; fileRef = AA000002; };
/* End PBXBuildFile section */

/* Begin PBXFileReference section */
		AA000002 /* main.swift */ = {isa = PBXFileReference; lastKnownFileType = sourcecode.swift; path = main.swift; sourceTree = "<group>"; };
		AA000004 /* ProfileGen.app */ = {isa = PBXFileReference; explicitFileType = wrapper.application; includeInIndex = 0; path = ProfileGen.app; sourceTree = BUILT_PRODUCTS_DIR; };
/* End PBXFileReference section */

/* Begin PBXFrameworksBuildPhase section */
		AA000010 /* Frameworks */ = {
			isa = PBXFrameworksBuildPhase;
			buildActionMask = 2147483647;
			files = (
			);
			runOnlyForDeploymentPostprocessing = 0;
		};
/* End PBXFrameworksBuildPhase section */

/* Begin PBXGroup section */
		AA000003 = {
			isa = PBXGroup;
			children = (
				AA000005 /* ProfileGen */,
				AA000006 /* Products */,
			);
			sourceTree = "<group>";
		};
		AA000005 /* ProfileGen */ = {
			isa = PBXGroup;
			children = (
				AA000002 /* main.swift */,
			);
			path = ProfileGen;
			sourceTree = "<group>";
		};
		AA000006 /* Products */ = {
			isa = PBXGroup;
			children = (
				AA000004 /* ProfileGen.app */,
			);
			name = Products;
			sourceTree = BUILT_PRODUCTS_DIR;
		};
/* End PBXGroup section */

/* Begin PBXNativeTarget section */
		AA000020 /* ProfileGen */ = {
			isa = PBXNativeTarget;
			buildConfigurationList = AA000030 /* Build configuration list for PBXNativeTarget "ProfileGen" */;
			buildPhases = (
				AA000021 /* Sources */,
				AA000010 /* Frameworks */,
			);
			buildRules = (
			);
			dependencies = (
			);
			name = ProfileGen;
			productName = ProfileGen;
			productReference = AA000004 /* ProfileGen.app */;
			productType = "com.apple.product-type.application";
		};
/* End PBXNativeTarget section */

/* Begin PBXProject section */
		AA000050 /* Project object */ = {
			isa = PBXProject;
			attributes = {
				BuildIndependentTargetsInParallel = 1;
				LastSwiftUpdateCheck = 1600;
				LastUpgradeCheck = 1600;
				TargetAttributes = {
					AA000020 = {
						CreatedOnToolsVersion = 16.0;
					};
				};
			};
			buildConfigurationList = AA000040 /* Build configuration list for PBXProject "ProfileGen" */;
			developmentRegion = en;
			hasScannedForEncodings = 0;
			knownRegions = (
				en,
				Base,
			);
			mainGroup = AA000003;
			productRefGroup = AA000006 /* Products */;
			projectDirPath = "";
			projectRoot = "";
			targets = (
				AA000020 /* ProfileGen */,
			);
		};
/* End PBXProject section */

/* Begin PBXSourcesBuildPhase section */
		AA000021 /* Sources */ = {
			isa = PBXSourcesBuildPhase;
			buildActionMask = 2147483647;
			files = (
				AA000001 /* main.swift in Sources */,
			);
			runOnlyForDeploymentPostprocessing = 0;
		};
/* End PBXSourcesBuildPhase section */

/* Begin XCBuildConfiguration section */
		AA000041 /* Debug */ = {
			isa = XCBuildConfiguration;
			buildSettings = {
				ALWAYS_SEARCH_USER_PATHS = NO;
				CLANG_ENABLE_MODULES = YES;
				SDKROOT = macosx;
				MACOSX_DEPLOYMENT_TARGET = 14.0;
				SWIFT_VERSION = 5.0;
			};
			name = Debug;
		};
		AA000042 /* Release */ = {
			isa = XCBuildConfiguration;
			buildSettings = {
				ALWAYS_SEARCH_USER_PATHS = NO;
				CLANG_ENABLE_MODULES = YES;
				SDKROOT = macosx;
				MACOSX_DEPLOYMENT_TARGET = 14.0;
				SWIFT_VERSION = 5.0;
			};
			name = Release;
		};
		AA000031 /* Debug */ = {
			isa = XCBuildConfiguration;
			buildSettings = {
				CODE_SIGN_ENTITLEMENTS = ProfileGen/ProfileGen.entitlements;
				CODE_SIGN_STYLE = Automatic;
				DEVELOPMENT_TEAM = A6DS985SJJ;
				GENERATE_INFOPLIST_FILE = YES;
				PRODUCT_BUNDLE_IDENTIFIER = app.coffer.Coffer;
				PRODUCT_NAME = "$(TARGET_NAME)";
			};
			name = Debug;
		};
		AA000032 /* Release */ = {
			isa = XCBuildConfiguration;
			buildSettings = {
				CODE_SIGN_ENTITLEMENTS = ProfileGen/ProfileGen.entitlements;
				CODE_SIGN_STYLE = Automatic;
				DEVELOPMENT_TEAM = A6DS985SJJ;
				GENERATE_INFOPLIST_FILE = YES;
				PRODUCT_BUNDLE_IDENTIFIER = app.coffer.Coffer;
				PRODUCT_NAME = "$(TARGET_NAME)";
			};
			name = Release;
		};
/* End XCBuildConfiguration section */

/* Begin XCConfigurationList section */
		AA000040 /* Build configuration list for PBXProject "ProfileGen" */ = {
			isa = XCConfigurationList;
			buildConfigurations = (
				AA000041 /* Debug */,
				AA000042 /* Release */,
			);
			defaultConfigurationIsVisible = 0;
			defaultConfigurationName = Release;
		};
		AA000030 /* Build configuration list for PBXNativeTarget "ProfileGen" */ = {
			isa = XCConfigurationList;
			buildConfigurations = (
				AA000031 /* Debug */,
				AA000032 /* Release */,
			);
			defaultConfigurationIsVisible = 0;
			defaultConfigurationName = Release;
		};
/* End XCConfigurationList section */
	};
	rootObject = AA000050 /* Project object */;
}
